
Microsoft Visual Studio Solution File, Format Version 12.00
# Visual Studio 15
VisualStudioVersion = 15.0.27703.2042
MinimumVisualStudioVersion = 10.0.40219.1
Project("{FAE04EC0-301F-11D3-BF4B-00C04F79EFBC}") = "InchToCentimeter", "InchToCentimeter\InchToCentimeter.csproj", "{B78C1590-489C-483C-B3AA-6832430BFB3A}"
EndProject
Global
	GlobalSection(SolutionConfigurationPlatforms) = preSolution
		Debug|Any CPU = Debug|Any CPU
		Release|Any CPU = Release|Any CPU
	EndGlobalSection
	GlobalSection(ProjectConfigurationPlatforms) = postSolution
		{B78C1590-489C-483C-B3AA-6832430BFB3A}.Debug|Any CPU.ActiveCfg = Debug|Any CPU
		{B78C1590-489C-483C-B3AA-6832430BFB3A}.Debug|Any CPU.Build.0 = Debug|Any CPU
		{B78C1590-489C-483C-B3AA-6832430BFB3A}.Release|Any CPU.ActiveCfg = Release|Any CPU
		{B78C1590-489C-483C-B3AA-6832430BFB3A}.Release|Any CPU.Build.0 = Release|Any CPU
	EndGlobalSection
	GlobalSection(SolutionProperties) = preSolution
		HideSolutionNode = FALSE
	EndGlobalSection
	GlobalSection(ExtensibilityGlobals) = postSolution
		SolutionGuid = {E058226A-D1D1-41FB-8D0F-FD3AC7F70F65}
	EndGlobalSection
EndGlobal
