
Microsoft Visual Studio Solution File, Format Version 12.00
# Visual Studio 15
VisualStudioVersion = 15.0.27703.2042
MinimumVisualStudioVersion = 10.0.40219.1
Project("{FAE04EC0-301F-11D3-BF4B-00C04F79EFBC}") = "SimpleCalculator", "SimpleCalculator\SimpleCalculator.csproj", "{C74F2F8D-1CD7-473A-A73B-3A665FB39573}"
EndProject
Global
	GlobalSection(SolutionConfigurationPlatforms) = preSolution
		Debug|Any CPU = Debug|Any CPU
		Release|Any CPU = Release|Any CPU
	EndGlobalSection
	GlobalSection(ProjectConfigurationPlatforms) = postSolution
		{C74F2F8D-1CD7-473A-A73B-3A665FB39573}.Debug|Any CPU.ActiveCfg = Debug|Any CPU
		{C74F2F8D-1CD7-473A-A73B-3A665FB39573}.Debug|Any CPU.Build.0 = Debug|Any CPU
		{C74F2F8D-1CD7-473A-A73B-3A665FB39573}.Release|Any CPU.ActiveCfg = Release|Any CPU
		{C74F2F8D-1CD7-473A-A73B-3A665FB39573}.Release|Any CPU.Build.0 = Release|Any CPU
	EndGlobalSection
	GlobalSection(SolutionProperties) = preSolution
		HideSolutionNode = FALSE
	EndGlobalSection
	GlobalSection(ExtensibilityGlobals) = postSolution
		SolutionGuid = {FB235282-2808-40E0-9A85-FCCC37E891B6}
	EndGlobalSection
EndGlobal
